
Microsoft Visual Studio Solution File, Format Version 12.00
# Visual Studio 15
VisualStudioVersion = 15.0.28307.421
MinimumVisualStudioVersion = 10.0.40219.1
Project("{FAE04EC0-301F-11D3-BF4B-00C04F79EFBC}") = "LongCare", "LongCare\LongCare.csproj", "{EAC08AEA-6AE4-41B5-A91B-2B984F46F2E2}"
EndProject
Global
	GlobalSection(SolutionConfigurationPlatforms) = preSolution
		Debug|Any CPU = Debug|Any CPU
		Release|Any CPU = Release|Any CPU
	EndGlobalSection
	GlobalSection(ProjectConfigurationPlatforms) = postSolution
		{EAC08AEA-6AE4-41B5-A91B-2B984F46F2E2}.Debug|Any CPU.ActiveCfg = Debug|Any CPU
		{EAC08AEA-6AE4-41B5-A91B-2B984F46F2E2}.Debug|Any CPU.Build.0 = Debug|Any CPU
		{EAC08AEA-6AE4-41B5-A91B-2B984F46F2E2}.Release|Any CPU.ActiveCfg = Release|Any CPU
		{EAC08AEA-6AE4-41B5-A91B-2B984F46F2E2}.Release|Any CPU.Build.0 = Release|Any CPU
	EndGlobalSection
	GlobalSection(SolutionProperties) = preSolution
		HideSolutionNode = FALSE
	EndGlobalSection
	GlobalSection(ExtensibilityGlobals) = postSolution
		SolutionGuid = {F6CE0376-FEF5-49F8-B8E3-DDC1422808B6}
	EndGlobalSection
EndGlobal
